Microsoft Visual Studio Solution File, Format Version 12.00
# Visual Studio Version 17
VisualStudioVersion = 17.5.2.0
MinimumVisualStudioVersion = 10.0.40219.1
Project("{2150E333-8FDC-42A3-9474-1A3956D46DE8}") = "src", "src", "{827E0CD3-B72D-47B6-A68D-7590B98EB39B}"
EndProject
Project("{FAE04EC0-301F-11D3-BF4B-00C04F79EFBC}") = "GameStore.Api", "src\GameStore.Api\GameStore.Api.csproj", "{DEE97A76-C9A3-BFAF-1CCD-4A95303F54F6}"
EndProject
Global
	GlobalSection(SolutionConfigurationPlatforms) = preSolution
		Debug|Any CPU = Debug|Any CPU
		Release|Any CPU = Release|Any CPU
	EndGlobalSection
	GlobalSection(ProjectConfigurationPlatforms) = postSolution
		{DEE97A76-C9A3-BFAF-1CCD-4A95303F54F6}.Debug|Any CPU.ActiveCfg = Debug|Any CPU
		{DEE97A76-C9A3-BFAF-1CCD-4A95303F54F6}.Debug|Any CPU.Build.0 = Debug|Any CPU
		{DEE97A76-C9A3-BFAF-1CCD-4A95303F54F6}.Release|Any CPU.ActiveCfg = Release|Any CPU
		{DEE97A76-C9A3-BFAF-1CCD-4A95303F54F6}.Release|Any CPU.Build.0 = Release|Any CPU
	EndGlobalSection
	GlobalSection(SolutionProperties) = preSolution
		HideSolutionNode = FALSE
	EndGlobalSection
	GlobalSection(NestedProjects) = preSolution
		{DEE97A76-C9A3-BFAF-1CCD-4A95303F54F6} = {827E0CD3-B72D-47B6-A68D-7590B98EB39B}
	EndGlobalSection
	GlobalSection(ExtensibilityGlobals) = postSolution
		SolutionGuid = {BED3B066-A700-40AA-8D3E-41F4A883AB03}
	EndGlobalSection
EndGlobal
